
Microsoft Visual Studio Solution File, Format Version 12.00
# Visual Studio Version 17
VisualStudioVersion = 17.6.33712.159
MinimumVisualStudioVersion = 10.0.40219.1
Project("{8BC9CEB8-8B4A-11D0-8D11-00A0C91BC942}") = "Решение массивов", "Решение массивов.vcxproj", "{6049ADEE-8407-4DB8-8349-19885C26DA16}"
EndProject
Global
	GlobalSection(SolutionConfigurationPlatforms) = preSolution
		Debug|x64 = Debug|x64
		Debug|x86 = Debug|x86
		Release|x64 = Release|x64
		Release|x86 = Release|x86
	EndGlobalSection
	GlobalSection(ProjectConfigurationPlatforms) = postSolution
		{6049ADEE-8407-4DB8-8349-19885C26DA16}.Debug|x64.ActiveCfg = Debug|x64
		{6049ADEE-8407-4DB8-8349-19885C26DA16}.Debug|x64.Build.0 = Debug|x64
		{6049ADEE-8407-4DB8-8349-19885C26DA16}.Debug|x86.ActiveCfg = Debug|Win32
		{6049ADEE-8407-4DB8-8349-19885C26DA16}.Debug|x86.Build.0 = Debug|Win32
		{6049ADEE-8407-4DB8-8349-19885C26DA16}.Release|x64.ActiveCfg = Release|x64
		{6049ADEE-8407-4DB8-8349-19885C26DA16}.Release|x64.Build.0 = Release|x64
		{6049ADEE-8407-4DB8-8349-19885C26DA16}.Release|x86.ActiveCfg = Release|Win32
		{6049ADEE-8407-4DB8-8349-19885C26DA16}.Release|x86.Build.0 = Release|Win32
	EndGlobalSection
	GlobalSection(SolutionProperties) = preSolution
		HideSolutionNode = FALSE
	EndGlobalSection
	GlobalSection(ExtensibilityGlobals) = postSolution
		SolutionGuid = {4A9CBBF5-5E51-4342-AB81-A47A3D9ECD82}
	EndGlobalSection
EndGlobal
